
Microsoft Visual Studio Solution File, Format Version 12.00
# Visual Studio Version 16
VisualStudioVersion = 16.0.32228.343
MinimumVisualStudioVersion = 10.0.40219.1
Project("{9A19103F-16F7-4668-BE54-9A1E7A4F7556}") = "RecruitmentAssignmentSente", "RecruitmentAssignmentSente\RecruitmentAssignmentSente.csproj", "{7979FEF7-BACC-4351-85D6-B687644A27CE}"
EndProject
Project("{FAE04EC0-301F-11D3-BF4B-00C04F79EFBC}") = "RecruitmentAssignmentSenteTests", "RecruitmentAssignmentSenteTests\RecruitmentAssignmentSenteTests.csproj", "{5934594A-7D09-4B99-AC57-D44D3260A338}"
EndProject
Global
	GlobalSection(SolutionConfigurationPlatforms) = preSolution
		Debug|Any CPU = Debug|Any CPU
		Release|Any CPU = Release|Any CPU
	EndGlobalSection
	GlobalSection(ProjectConfigurationPlatforms) = postSolution
		{7979FEF7-BACC-4351-85D6-B687644A27CE}.Debug|Any CPU.ActiveCfg = Debug|Any CPU
		{7979FEF7-BACC-4351-85D6-B687644A27CE}.Debug|Any CPU.Build.0 = Debug|Any CPU
		{7979FEF7-BACC-4351-85D6-B687644A27CE}.Release|Any CPU.ActiveCfg = Release|Any CPU
		{7979FEF7-BACC-4351-85D6-B687644A27CE}.Release|Any CPU.Build.0 = Release|Any CPU
		{5934594A-7D09-4B99-AC57-D44D3260A338}.Debug|Any CPU.ActiveCfg = Debug|Any CPU
		{5934594A-7D09-4B99-AC57-D44D3260A338}.Debug|Any CPU.Build.0 = Debug|Any CPU
		{5934594A-7D09-4B99-AC57-D44D3260A338}.Release|Any CPU.ActiveCfg = Release|Any CPU
		{5934594A-7D09-4B99-AC57-D44D3260A338}.Release|Any CPU.Build.0 = Release|Any CPU
	EndGlobalSection
	GlobalSection(SolutionProperties) = preSolution
		HideSolutionNode = FALSE
	EndGlobalSection
	GlobalSection(ExtensibilityGlobals) = postSolution
		SolutionGuid = {DB48E2AA-8CDD-47A3-853A-52ED8DEC852F}
	EndGlobalSection
EndGlobal
